
Microsoft Visual Studio Solution File, Format Version 12.00
# Visual Studio 14
VisualStudioVersion = 14.0.25420.1
MinimumVisualStudioVersion = 10.0.40219.1
Project("{FAE04EC0-301F-11D3-BF4B-00C04F79EFBC}") = "AdminCyC", "AdminCyC\AdminCyC.csproj", "{5FE2A142-509E-4507-A227-3D3A6E467C3D}"
EndProject
Project("{2150E333-8FDC-42A3-9474-1A3956D46DE8}") = "10.WEB", "10.WEB", "{F485DC8A-4004-4FA6-9E27-4273D5946B7F}"
EndProject
Project("{2150E333-8FDC-42A3-9474-1A3956D46DE8}") = "20.SERVICES", "20.SERVICES", "{ACC4538C-408E-4252-AD55-D7C49F49311D}"
EndProject
Project("{2150E333-8FDC-42A3-9474-1A3956D46DE8}") = "30.BLL", "30.BLL", "{FC8E864C-A397-490A-8386-B33292937B1D}"
EndProject
Project("{2150E333-8FDC-42A3-9474-1A3956D46DE8}") = "40.DAO", "40.DAO", "{A10D8A94-8A04-40F4-A768-4DFC14535B73}"
EndProject
Project("{2150E333-8FDC-42A3-9474-1A3956D46DE8}") = "50.DAL", "50.DAL", "{A87C205E-1FA2-44CC-B61C-4BB1DADE3A81}"
EndProject
Project("{FAE04EC0-301F-11D3-BF4B-00C04F79EFBC}") = "DtoCyC", "DtoCyC\DtoCyC.csproj", "{E3E2051D-5D3F-4F2C-B4D6-3B81435CC9A4}"
EndProject
Project("{FAE04EC0-301F-11D3-BF4B-00C04F79EFBC}") = "cycBLL", "cycBLL\cycBLL.csproj", "{2E72FF9B-FB0C-49AA-8C6A-2D649CF49439}"
EndProject
Project("{2150E333-8FDC-42A3-9474-1A3956D46DE8}") = "60.MODEL", "60.MODEL", "{49B4E255-2C08-4B1E-93DF-52BF863817B6}"
EndProject
Project("{FAE04EC0-301F-11D3-BF4B-00C04F79EFBC}") = "cycMODEL", "cycMODEL\cycMODEL.csproj", "{1B41741A-457A-4C81-9553-5D593E4681B1}"
EndProject
Project("{FAE04EC0-301F-11D3-BF4B-00C04F79EFBC}") = "cycContratos", "cycContratos\cycContratos.csproj", "{8DE531F7-9256-4DF9-B20C-826CC990C9F9}"
EndProject
Project("{FAE04EC0-301F-11D3-BF4B-00C04F79EFBC}") = "cycServicio", "cycServicioLogin\cycServicio.csproj", "{E83AEBC8-DEF9-4DEC-B633-916CA48DF95C}"
EndProject
Project("{FAE04EC0-301F-11D3-BF4B-00C04F79EFBC}") = "cycDAL", "cycDAL\cycDAL.csproj", "{D74746A9-331A-45A8-8AFE-7242DE8401F2}"
EndProject
Global
	GlobalSection(SolutionConfigurationPlatforms) = preSolution
		Debug|Any CPU = Debug|Any CPU
		Release|Any CPU = Release|Any CPU
	EndGlobalSection
	GlobalSection(ProjectConfigurationPlatforms) = postSolution
		{5FE2A142-509E-4507-A227-3D3A6E467C3D}.Debug|Any CPU.ActiveCfg = Debug|Any CPU
		{5FE2A142-509E-4507-A227-3D3A6E467C3D}.Debug|Any CPU.Build.0 = Debug|Any CPU
		{5FE2A142-509E-4507-A227-3D3A6E467C3D}.Release|Any CPU.ActiveCfg = Release|Any CPU
		{5FE2A142-509E-4507-A227-3D3A6E467C3D}.Release|Any CPU.Build.0 = Release|Any CPU
		{E3E2051D-5D3F-4F2C-B4D6-3B81435CC9A4}.Debug|Any CPU.ActiveCfg = Debug|Any CPU
		{E3E2051D-5D3F-4F2C-B4D6-3B81435CC9A4}.Debug|Any CPU.Build.0 = Debug|Any CPU
		{E3E2051D-5D3F-4F2C-B4D6-3B81435CC9A4}.Release|Any CPU.ActiveCfg = Release|Any CPU
		{E3E2051D-5D3F-4F2C-B4D6-3B81435CC9A4}.Release|Any CPU.Build.0 = Release|Any CPU
		{2E72FF9B-FB0C-49AA-8C6A-2D649CF49439}.Debug|Any CPU.ActiveCfg = Debug|Any CPU
		{2E72FF9B-FB0C-49AA-8C6A-2D649CF49439}.Debug|Any CPU.Build.0 = Debug|Any CPU
		{2E72FF9B-FB0C-49AA-8C6A-2D649CF49439}.Release|Any CPU.ActiveCfg = Release|Any CPU
		{2E72FF9B-FB0C-49AA-8C6A-2D649CF49439}.Release|Any CPU.Build.0 = Release|Any CPU
		{1B41741A-457A-4C81-9553-5D593E4681B1}.Debug|Any CPU.ActiveCfg = Debug|Any CPU
		{1B41741A-457A-4C81-9553-5D593E4681B1}.Debug|Any CPU.Build.0 = Debug|Any CPU
		{1B41741A-457A-4C81-9553-5D593E4681B1}.Release|Any CPU.ActiveCfg = Release|Any CPU
		{1B41741A-457A-4C81-9553-5D593E4681B1}.Release|Any CPU.Build.0 = Release|Any CPU
		{8DE531F7-9256-4DF9-B20C-826CC990C9F9}.Debug|Any CPU.ActiveCfg = Debug|Any CPU
		{8DE531F7-9256-4DF9-B20C-826CC990C9F9}.Debug|Any CPU.Build.0 = Debug|Any CPU
		{8DE531F7-9256-4DF9-B20C-826CC990C9F9}.Release|Any CPU.ActiveCfg = Release|Any CPU
		{8DE531F7-9256-4DF9-B20C-826CC990C9F9}.Release|Any CPU.Build.0 = Release|Any CPU
		{E83AEBC8-DEF9-4DEC-B633-916CA48DF95C}.Debug|Any CPU.ActiveCfg = Debug|Any CPU
		{E83AEBC8-DEF9-4DEC-B633-916CA48DF95C}.Debug|Any CPU.Build.0 = Debug|Any CPU
		{E83AEBC8-DEF9-4DEC-B633-916CA48DF95C}.Release|Any CPU.ActiveCfg = Release|Any CPU
		{E83AEBC8-DEF9-4DEC-B633-916CA48DF95C}.Release|Any CPU.Build.0 = Release|Any CPU
		{D74746A9-331A-45A8-8AFE-7242DE8401F2}.Debug|Any CPU.ActiveCfg = Debug|Any CPU
		{D74746A9-331A-45A8-8AFE-7242DE8401F2}.Debug|Any CPU.Build.0 = Debug|Any CPU
		{D74746A9-331A-45A8-8AFE-7242DE8401F2}.Release|Any CPU.ActiveCfg = Release|Any CPU
		{D74746A9-331A-45A8-8AFE-7242DE8401F2}.Release|Any CPU.Build.0 = Release|Any CPU
	EndGlobalSection
	GlobalSection(SolutionProperties) = preSolution
		HideSolutionNode = FALSE
	EndGlobalSection
	GlobalSection(NestedProjects) = preSolution
		{5FE2A142-509E-4507-A227-3D3A6E467C3D} = {F485DC8A-4004-4FA6-9E27-4273D5946B7F}
		{E3E2051D-5D3F-4F2C-B4D6-3B81435CC9A4} = {A10D8A94-8A04-40F4-A768-4DFC14535B73}
		{2E72FF9B-FB0C-49AA-8C6A-2D649CF49439} = {FC8E864C-A397-490A-8386-B33292937B1D}
		{1B41741A-457A-4C81-9553-5D593E4681B1} = {49B4E255-2C08-4B1E-93DF-52BF863817B6}
		{8DE531F7-9256-4DF9-B20C-826CC990C9F9} = {ACC4538C-408E-4252-AD55-D7C49F49311D}
		{E83AEBC8-DEF9-4DEC-B633-916CA48DF95C} = {ACC4538C-408E-4252-AD55-D7C49F49311D}
		{D74746A9-331A-45A8-8AFE-7242DE8401F2} = {A87C205E-1FA2-44CC-B61C-4BB1DADE3A81}
	EndGlobalSection
EndGlobal
